
Microsoft Visual Studio Solution File, Format Version 12.00
# Visual Studio Version 17
VisualStudioVersion = 17.3.32922.545
MinimumVisualStudioVersion = 10.0.40219.1
Project("{FAE04EC0-301F-11D3-BF4B-00C04F79EFBC}") = "censoSimplesTreino2023", "censoSimplesTreino2023.csproj", "{B110892D-175D-4ADE-9806-A2F22CD44FDE}"
EndProject
Global
	GlobalSection(SolutionConfigurationPlatforms) = preSolution
		Debug|Any CPU = Debug|Any CPU
		Release|Any CPU = Release|Any CPU
	EndGlobalSection
	GlobalSection(ProjectConfigurationPlatforms) = postSolution
		{B110892D-175D-4ADE-9806-A2F22CD44FDE}.Debug|Any CPU.ActiveCfg = Debug|Any CPU
		{B110892D-175D-4ADE-9806-A2F22CD44FDE}.Debug|Any CPU.Build.0 = Debug|Any CPU
		{B110892D-175D-4ADE-9806-A2F22CD44FDE}.Release|Any CPU.ActiveCfg = Release|Any CPU
		{B110892D-175D-4ADE-9806-A2F22CD44FDE}.Release|Any CPU.Build.0 = Release|Any CPU
	EndGlobalSection
	GlobalSection(SolutionProperties) = preSolution
		HideSolutionNode = FALSE
	EndGlobalSection
	GlobalSection(ExtensibilityGlobals) = postSolution
		SolutionGuid = {69D03033-C752-4117-844E-AF0A77979014}
	EndGlobalSection
EndGlobal
